
Microsoft Visual Studio Solution File, Format Version 12.00
# Visual Studio Version 16
VisualStudioVersion = 16.0.30413.136
MinimumVisualStudioVersion = 10.0.40219.1
Project("{9A19103F-16F7-4668-BE54-9A1E7A4F7556}") = "DesignPatternCode", "DesignPatternCode\DesignPatternCode.csproj", "{4BF254E5-8E0A-41B4-A0C1-BB48EDCEE505}"
EndProject
Project("{9A19103F-16F7-4668-BE54-9A1E7A4F7556}") = "XUnitDesignPattern", "XUnitDesignPattern\XUnitDesignPattern.csproj", "{58A3F3DA-FDB5-4DD5-B501-52AD731F2F1E}"
EndProject
Global
	GlobalSection(SolutionConfigurationPlatforms) = preSolution
		Debug|Any CPU = Debug|Any CPU
		Release|Any CPU = Release|Any CPU
	EndGlobalSection
	GlobalSection(ProjectConfigurationPlatforms) = postSolution
		{4BF254E5-8E0A-41B4-A0C1-BB48EDCEE505}.Debug|Any CPU.ActiveCfg = Debug|Any CPU
		{4BF254E5-8E0A-41B4-A0C1-BB48EDCEE505}.Debug|Any CPU.Build.0 = Debug|Any CPU
		{4BF254E5-8E0A-41B4-A0C1-BB48EDCEE505}.Release|Any CPU.ActiveCfg = Release|Any CPU
		{4BF254E5-8E0A-41B4-A0C1-BB48EDCEE505}.Release|Any CPU.Build.0 = Release|Any CPU
		{58A3F3DA-FDB5-4DD5-B501-52AD731F2F1E}.Debug|Any CPU.ActiveCfg = Debug|Any CPU
		{58A3F3DA-FDB5-4DD5-B501-52AD731F2F1E}.Debug|Any CPU.Build.0 = Debug|Any CPU
		{58A3F3DA-FDB5-4DD5-B501-52AD731F2F1E}.Release|Any CPU.ActiveCfg = Release|Any CPU
		{58A3F3DA-FDB5-4DD5-B501-52AD731F2F1E}.Release|Any CPU.Build.0 = Release|Any CPU
	EndGlobalSection
	GlobalSection(SolutionProperties) = preSolution
		HideSolutionNode = FALSE
	EndGlobalSection
	GlobalSection(ExtensibilityGlobals) = postSolution
		SolutionGuid = {EC6AF344-16B4-4D18-A5AF-4F67D1798DD4}
	EndGlobalSection
EndGlobal
